
Microsoft Visual Studio Solution File, Format Version 12.00
# Visual Studio Version 17
VisualStudioVersion = 17.14.36518.9
MinimumVisualStudioVersion = 10.0.40219.1
Project("{FAE04EC0-301F-11D3-BF4B-00C04F79EFBC}") = "AiSummarizer", "Library\AiSummarizer\AiSummarizer.csproj", "{C238C4B5-32EB-3FB9-CD60-65A92758B899}"
EndProject
Project("{FAE04EC0-301F-11D3-BF4B-00C04F79EFBC}") = "RunTest", "RunTest\RunTest.csproj", "{ECF2C27B-686E-E2D2-7A06-A7C717DD13CF}"
EndProject
Project("{FAE04EC0-301F-11D3-BF4B-00C04F79EFBC}") = "AiCodeReviewer", "Library\AiCodeReviewer\AiCodeReviewer.csproj", "{662F33CD-FF2D-FFBA-6173-EDDFB8A36DE1}"
EndProject
Project("{FAE04EC0-301F-11D3-BF4B-00C04F79EFBC}") = "AiProofreader", "Library\AiProofreader\AiProofreader.csproj", "{0F2185C7-BCD4-48FE-C8B9-7A392767D284}"
EndProject
Project("{FAE04EC0-301F-11D3-BF4B-00C04F79EFBC}") = "AiUnitTest", "AiUnitTest\AiUnitTest.csproj", "{9C3D5D72-2170-46E3-863F-FB9C70842704}"
EndProject
Project("{FAE04EC0-301F-11D3-BF4B-00C04F79EFBC}") = "AiSqlChecker", "Library\AiSqlChecker\AiSqlChecker.csproj", "{84795630-E0A5-48BD-8CE3-0CAAAFBF371D}"
EndProject
Global
	GlobalSection(SolutionConfigurationPlatforms) = preSolution
		Debug|Any CPU = Debug|Any CPU
		Release|Any CPU = Release|Any CPU
	EndGlobalSection
	GlobalSection(ProjectConfigurationPlatforms) = postSolution
		{C238C4B5-32EB-3FB9-CD60-65A92758B899}.Debug|Any CPU.ActiveCfg = Debug|Any CPU
		{C238C4B5-32EB-3FB9-CD60-65A92758B899}.Debug|Any CPU.Build.0 = Debug|Any CPU
		{C238C4B5-32EB-3FB9-CD60-65A92758B899}.Release|Any CPU.ActiveCfg = Release|Any CPU
		{C238C4B5-32EB-3FB9-CD60-65A92758B899}.Release|Any CPU.Build.0 = Release|Any CPU
		{ECF2C27B-686E-E2D2-7A06-A7C717DD13CF}.Debug|Any CPU.ActiveCfg = Debug|Any CPU
		{ECF2C27B-686E-E2D2-7A06-A7C717DD13CF}.Debug|Any CPU.Build.0 = Debug|Any CPU
		{ECF2C27B-686E-E2D2-7A06-A7C717DD13CF}.Release|Any CPU.ActiveCfg = Release|Any CPU
		{ECF2C27B-686E-E2D2-7A06-A7C717DD13CF}.Release|Any CPU.Build.0 = Release|Any CPU
		{662F33CD-FF2D-FFBA-6173-EDDFB8A36DE1}.Debug|Any CPU.ActiveCfg = Debug|Any CPU
		{662F33CD-FF2D-FFBA-6173-EDDFB8A36DE1}.Debug|Any CPU.Build.0 = Debug|Any CPU
		{662F33CD-FF2D-FFBA-6173-EDDFB8A36DE1}.Release|Any CPU.ActiveCfg = Release|Any CPU
		{662F33CD-FF2D-FFBA-6173-EDDFB8A36DE1}.Release|Any CPU.Build.0 = Release|Any CPU
		{0F2185C7-BCD4-48FE-C8B9-7A392767D284}.Debug|Any CPU.ActiveCfg = Debug|Any CPU
		{0F2185C7-BCD4-48FE-C8B9-7A392767D284}.Debug|Any CPU.Build.0 = Debug|Any CPU
		{0F2185C7-BCD4-48FE-C8B9-7A392767D284}.Release|Any CPU.ActiveCfg = Release|Any CPU
		{0F2185C7-BCD4-48FE-C8B9-7A392767D284}.Release|Any CPU.Build.0 = Release|Any CPU
		{9C3D5D72-2170-46E3-863F-FB9C70842704}.Debug|Any CPU.ActiveCfg = Debug|Any CPU
		{9C3D5D72-2170-46E3-863F-FB9C70842704}.Debug|Any CPU.Build.0 = Debug|Any CPU
		{9C3D5D72-2170-46E3-863F-FB9C70842704}.Release|Any CPU.ActiveCfg = Release|Any CPU
		{9C3D5D72-2170-46E3-863F-FB9C70842704}.Release|Any CPU.Build.0 = Release|Any CPU
		{84795630-E0A5-48BD-8CE3-0CAAAFBF371D}.Debug|Any CPU.ActiveCfg = Debug|Any CPU
		{84795630-E0A5-48BD-8CE3-0CAAAFBF371D}.Debug|Any CPU.Build.0 = Debug|Any CPU
		{84795630-E0A5-48BD-8CE3-0CAAAFBF371D}.Release|Any CPU.ActiveCfg = Release|Any CPU
		{84795630-E0A5-48BD-8CE3-0CAAAFBF371D}.Release|Any CPU.Build.0 = Release|Any CPU
	EndGlobalSection
	GlobalSection(SolutionProperties) = preSolution
		HideSolutionNode = FALSE
	EndGlobalSection
	GlobalSection(ExtensibilityGlobals) = postSolution
		SolutionGuid = {B4BFDAED-766B-4407-9904-0802E76ADBF7}
	EndGlobalSection
EndGlobal
