# THIS IS AN AUTOGENERATED FILE. DO NOT EDIT THIS FILE DIRECTLY.
# yarn lockfile v1


dotenv@^17.2.3:
  version "17.2.3"
  resolved "https://registry.yarnpkg.com/dotenv/-/dotenv-17.2.3.tgz#ad995d6997f639b11065f419a22fabf567cdb9a2"
  integrity sha512-JVUnt+DUIzu87TABbhPmNfVdBDt18BLOWjMUFJMSi/Qqg7NTYtabbvSNJGOJ7afbRuv9D/lngizHtP7QyLQ+9w==

http@^0.0.1-security:
  version "0.0.1-security"
  resolved "https://registry.yarnpkg.com/http/-/http-0.0.1-security.tgz#3aac09129d12dc2747bbce4157afde20ad1f7995"
  integrity sha512-RnDvP10Ty9FxqOtPZuxtebw1j4L/WiqNMDtuc1YMH1XQm5TgDRaR1G9u8upL6KD1bXHSp9eSXo/ED+8Q7FAr+g==

openai@^6.2.0:
  version "6.2.0"
  resolved "https://registry.yarnpkg.com/openai/-/openai-6.2.0.tgz#b5cd5712819ce39823d25047429fa61838200cc7"
  integrity sha512-qqjzHls7F5xkXNGy9P1Ei1rorI5LWupUUFWP66zPU8FlZbiITX8SFcHMKNZg/NATJ0LpIZcMUFxSwQmdeQPwSw==
